<?xml version="1.0" encoding="utf-8"?>
<Project ToolsVersion="4.0" xmlns="http://schemas.microsoft.com/developer/msbuild/2003">
  <ItemGroup>
    <ClInclude Include="PvZContentsCore.h" />
    <ClInclude Include="TitleLevel.h" />
    <ClInclude Include="Plant.h" />
    <ClInclude Include="Zombie.h" />
    <ClInclude Include="Map.h" />
  </ItemGroup>
  <ItemGroup>
    <ClCompile Include="PvZContentsCore.cpp" />
    <ClCompile Include="TitleLevel.cpp" />
    <ClCompile Include="Plant.cpp" />
    <ClCompile Include="Zombie.cpp" />
    <ClCompile Include="Map.cpp" />
  </ItemGroup>
</Project>